
Microsoft Visual Studio Solution File, Format Version 12.00
# Visual Studio Version 16
VisualStudioVersion = 16.0.31624.102
MinimumVisualStudioVersion = 10.0.40219.1
Project("{8BC9CEB8-8B4A-11D0-8D11-00A0C91BC942}") = "t1", "lab5\lab5.vcxproj", "{64B92C3B-C37F-4E18-B242-0BC71AD54C5D}"
EndProject
Project("{8BC9CEB8-8B4A-11D0-8D11-00A0C91BC942}") = "t2", "t2\t2.vcxproj", "{C3400C9A-52F6-4D4A-AE9D-10F268FBCC16}"
EndProject
Project("{8BC9CEB8-8B4A-11D0-8D11-00A0C91BC942}") = "t3", "t3\t3.vcxproj", "{51970216-B5F2-4A6B-8A27-1B510449D3AD}"
EndProject
Project("{8BC9CEB8-8B4A-11D0-8D11-00A0C91BC942}") = "t4", "t4\t4.vcxproj", "{D4097DFE-5AEE-4E50-9234-DFA0853AF9BE}"
EndProject
Project("{8BC9CEB8-8B4A-11D0-8D11-00A0C91BC942}") = "t6", "t6\t6.vcxproj", "{60A25399-8359-42E2-8D18-0E888A70C580}"
EndProject
Project("{8BC9CEB8-8B4A-11D0-8D11-00A0C91BC942}") = "t7", "t7\t7.vcxproj", "{1EA568AB-D6CB-4580-A96F-25E3549B6605}"
EndProject
Project("{8BC9CEB8-8B4A-11D0-8D11-00A0C91BC942}") = "t8", "t8\t8.vcxproj", "{6A2FB017-B29F-4C40-9D35-3427CCC52A42}"
EndProject
Project("{8BC9CEB8-8B4A-11D0-8D11-00A0C91BC942}") = "dynamic_lib5", "dynamic_lib5\dynamic_lib5.vcxproj", "{7F3E2A22-BC96-4A87-B098-7DDB074B6002}"
EndProject
Project("{8BC9CEB8-8B4A-11D0-8D11-00A0C91BC942}") = "stat_lib4", "static_lib4\static_lib4.vcxproj", "{6E93D304-ACAC-457F-9629-3F8FF9B95D30}"
EndProject
Project("{8BC9CEB8-8B4A-11D0-8D11-00A0C91BC942}") = "t5", "tt5\tt5.vcxproj", "{8CE91319-9169-4ADB-B125-9F5E8333AD39}"
EndProject
Global
	GlobalSection(SolutionConfigurationPlatforms) = preSolution
		Debug|x64 = Debug|x64
		Debug|x86 = Debug|x86
		Release|x64 = Release|x64
		Release|x86 = Release|x86
	EndGlobalSection
	GlobalSection(ProjectConfigurationPlatforms) = postSolution
		{64B92C3B-C37F-4E18-B242-0BC71AD54C5D}.Debug|x64.ActiveCfg = Debug|x64
		{64B92C3B-C37F-4E18-B242-0BC71AD54C5D}.Debug|x64.Build.0 = Debug|x64
		{64B92C3B-C37F-4E18-B242-0BC71AD54C5D}.Debug|x86.ActiveCfg = Debug|Win32
		{64B92C3B-C37F-4E18-B242-0BC71AD54C5D}.Debug|x86.Build.0 = Debug|Win32
		{64B92C3B-C37F-4E18-B242-0BC71AD54C5D}.Release|x64.ActiveCfg = Release|x64
		{64B92C3B-C37F-4E18-B242-0BC71AD54C5D}.Release|x64.Build.0 = Release|x64
		{64B92C3B-C37F-4E18-B242-0BC71AD54C5D}.Release|x86.ActiveCfg = Release|Win32
		{64B92C3B-C37F-4E18-B242-0BC71AD54C5D}.Release|x86.Build.0 = Release|Win32
		{C3400C9A-52F6-4D4A-AE9D-10F268FBCC16}.Debug|x64.ActiveCfg = Debug|x64
		{C3400C9A-52F6-4D4A-AE9D-10F268FBCC16}.Debug|x64.Build.0 = Debug|x64
		{C3400C9A-52F6-4D4A-AE9D-10F268FBCC16}.Debug|x86.ActiveCfg = Debug|Win32
		{C3400C9A-52F6-4D4A-AE9D-10F268FBCC16}.Debug|x86.Build.0 = Debug|Win32
		{C3400C9A-52F6-4D4A-AE9D-10F268FBCC16}.Release|x64.ActiveCfg = Release|x64
		{C3400C9A-52F6-4D4A-AE9D-10F268FBCC16}.Release|x64.Build.0 = Release|x64
		{C3400C9A-52F6-4D4A-AE9D-10F268FBCC16}.Release|x86.ActiveCfg = Release|Win32
		{C3400C9A-52F6-4D4A-AE9D-10F268FBCC16}.Release|x86.Build.0 = Release|Win32
		{51970216-B5F2-4A6B-8A27-1B510449D3AD}.Debug|x64.ActiveCfg = Debug|x64
		{51970216-B5F2-4A6B-8A27-1B510449D3AD}.Debug|x64.Build.0 = Debug|x64
		{51970216-B5F2-4A6B-8A27-1B510449D3AD}.Debug|x86.ActiveCfg = Debug|Win32
		{51970216-B5F2-4A6B-8A27-1B510449D3AD}.Debug|x86.Build.0 = Debug|Win32
		{51970216-B5F2-4A6B-8A27-1B510449D3AD}.Release|x64.ActiveCfg = Release|x64
		{51970216-B5F2-4A6B-8A27-1B510449D3AD}.Release|x64.Build.0 = Release|x64
		{51970216-B5F2-4A6B-8A27-1B510449D3AD}.Release|x86.ActiveCfg = Release|Win32
		{51970216-B5F2-4A6B-8A27-1B510449D3AD}.Release|x86.Build.0 = Release|Win32
		{D4097DFE-5AEE-4E50-9234-DFA0853AF9BE}.Debug|x64.ActiveCfg = Debug|x64
		{D4097DFE-5AEE-4E50-9234-DFA0853AF9BE}.Debug|x64.Build.0 = Debug|x64
		{D4097DFE-5AEE-4E50-9234-DFA0853AF9BE}.Debug|x86.ActiveCfg = Debug|Win32
		{D4097DFE-5AEE-4E50-9234-DFA0853AF9BE}.Debug|x86.Build.0 = Debug|Win32
		{D4097DFE-5AEE-4E50-9234-DFA0853AF9BE}.Release|x64.ActiveCfg = Release|x64
		{D4097DFE-5AEE-4E50-9234-DFA0853AF9BE}.Release|x64.Build.0 = Release|x64
		{D4097DFE-5AEE-4E50-9234-DFA0853AF9BE}.Release|x86.ActiveCfg = Release|Win32
		{D4097DFE-5AEE-4E50-9234-DFA0853AF9BE}.Release|x86.Build.0 = Release|Win32
		{60A25399-8359-42E2-8D18-0E888A70C580}.Debug|x64.ActiveCfg = Debug|x64
		{60A25399-8359-42E2-8D18-0E888A70C580}.Debug|x64.Build.0 = Debug|x64
		{60A25399-8359-42E2-8D18-0E888A70C580}.Debug|x86.ActiveCfg = Debug|Win32
		{60A25399-8359-42E2-8D18-0E888A70C580}.Debug|x86.Build.0 = Debug|Win32
		{60A25399-8359-42E2-8D18-0E888A70C580}.Release|x64.ActiveCfg = Release|x64
		{60A25399-8359-42E2-8D18-0E888A70C580}.Release|x64.Build.0 = Release|x64
		{60A25399-8359-42E2-8D18-0E888A70C580}.Release|x86.ActiveCfg = Release|Win32
		{60A25399-8359-42E2-8D18-0E888A70C580}.Release|x86.Build.0 = Release|Win32
		{1EA568AB-D6CB-4580-A96F-25E3549B6605}.Debug|x64.ActiveCfg = Debug|x64
		{1EA568AB-D6CB-4580-A96F-25E3549B6605}.Debug|x64.Build.0 = Debug|x64
		{1EA568AB-D6CB-4580-A96F-25E3549B6605}.Debug|x86.ActiveCfg = Debug|Win32
		{1EA568AB-D6CB-4580-A96F-25E3549B6605}.Debug|x86.Build.0 = Debug|Win32
		{1EA568AB-D6CB-4580-A96F-25E3549B6605}.Release|x64.ActiveCfg = Release|x64
		{1EA568AB-D6CB-4580-A96F-25E3549B6605}.Release|x64.Build.0 = Release|x64
		{1EA568AB-D6CB-4580-A96F-25E3549B6605}.Release|x86.ActiveCfg = Release|Win32
		{1EA568AB-D6CB-4580-A96F-25E3549B6605}.Release|x86.Build.0 = Release|Win32
		{6A2FB017-B29F-4C40-9D35-3427CCC52A42}.Debug|x64.ActiveCfg = Debug|x64
		{6A2FB017-B29F-4C40-9D35-3427CCC52A42}.Debug|x64.Build.0 = Debug|x64
		{6A2FB017-B29F-4C40-9D35-3427CCC52A42}.Debug|x86.ActiveCfg = Debug|Win32
		{6A2FB017-B29F-4C40-9D35-3427CCC52A42}.Debug|x86.Build.0 = Debug|Win32
		{6A2FB017-B29F-4C40-9D35-3427CCC52A42}.Release|x64.ActiveCfg = Release|x64
		{6A2FB017-B29F-4C40-9D35-3427CCC52A42}.Release|x64.Build.0 = Release|x64
		{6A2FB017-B29F-4C40-9D35-3427CCC52A42}.Release|x86.ActiveCfg = Release|Win32
		{6A2FB017-B29F-4C40-9D35-3427CCC52A42}.Release|x86.Build.0 = Release|Win32
		{7F3E2A22-BC96-4A87-B098-7DDB074B6002}.Debug|x64.ActiveCfg = Debug|x64
		{7F3E2A22-BC96-4A87-B098-7DDB074B6002}.Debug|x64.Build.0 = Debug|x64
		{7F3E2A22-BC96-4A87-B098-7DDB074B6002}.Debug|x86.ActiveCfg = Debug|Win32
		{7F3E2A22-BC96-4A87-B098-7DDB074B6002}.Debug|x86.Build.0 = Debug|Win32
		{7F3E2A22-BC96-4A87-B098-7DDB074B6002}.Release|x64.ActiveCfg = Release|x64
		{7F3E2A22-BC96-4A87-B098-7DDB074B6002}.Release|x64.Build.0 = Release|x64
		{7F3E2A22-BC96-4A87-B098-7DDB074B6002}.Release|x86.ActiveCfg = Release|Win32
		{7F3E2A22-BC96-4A87-B098-7DDB074B6002}.Release|x86.Build.0 = Release|Win32
		{6E93D304-ACAC-457F-9629-3F8FF9B95D30}.Debug|x64.ActiveCfg = Debug|x64
		{6E93D304-ACAC-457F-9629-3F8FF9B95D30}.Debug|x64.Build.0 = Debug|x64
		{6E93D304-ACAC-457F-9629-3F8FF9B95D30}.Debug|x86.ActiveCfg = Debug|Win32
		{6E93D304-ACAC-457F-9629-3F8FF9B95D30}.Debug|x86.Build.0 = Debug|Win32
		{6E93D304-ACAC-457F-9629-3F8FF9B95D30}.Release|x64.ActiveCfg = Release|x64
		{6E93D304-ACAC-457F-9629-3F8FF9B95D30}.Release|x64.Build.0 = Release|x64
		{6E93D304-ACAC-457F-9629-3F8FF9B95D30}.Release|x86.ActiveCfg = Release|Win32
		{6E93D304-ACAC-457F-9629-3F8FF9B95D30}.Release|x86.Build.0 = Release|Win32
		{8CE91319-9169-4ADB-B125-9F5E8333AD39}.Debug|x64.ActiveCfg = Debug|x64
		{8CE91319-9169-4ADB-B125-9F5E8333AD39}.Debug|x64.Build.0 = Debug|x64
		{8CE91319-9169-4ADB-B125-9F5E8333AD39}.Debug|x86.ActiveCfg = Debug|Win32
		{8CE91319-9169-4ADB-B125-9F5E8333AD39}.Debug|x86.Build.0 = Debug|Win32
		{8CE91319-9169-4ADB-B125-9F5E8333AD39}.Release|x64.ActiveCfg = Release|x64
		{8CE91319-9169-4ADB-B125-9F5E8333AD39}.Release|x64.Build.0 = Release|x64
		{8CE91319-9169-4ADB-B125-9F5E8333AD39}.Release|x86.ActiveCfg = Release|Win32
		{8CE91319-9169-4ADB-B125-9F5E8333AD39}.Release|x86.Build.0 = Release|Win32
	EndGlobalSection
	GlobalSection(SolutionProperties) = preSolution
		HideSolutionNode = FALSE
	EndGlobalSection
	GlobalSection(ExtensibilityGlobals) = postSolution
		SolutionGuid = {C49E1912-FBA1-4A2E-ABC5-FCB222886E89}
	EndGlobalSection
EndGlobal
